{
  "name": "ikea-tradfri",
  "version": "3.3.0",
  "lockfileVersion": 1,
  "requires": true,
  "dependencies": {
    "alcalzone-shared": {
      "version": "1.1.1",
      "resolved": "https://registry.npmjs.org/alcalzone-shared/-/alcalzone-shared-1.1.1.tgz",
      "integrity": "sha512-eU+t/3egdhUFpQ3x+Jf3Gtz+ymehVohvctxiTYp8/2OqW19/gGotzAih0xsPJd/0+yvumbMBxVeublMSXBooYQ==",
      "requires": {
        "debug": "^3.1.0"
      }
    },
    "coffeescript": {
      "version": "2.3.1",
      "resolved": "https://registry.npmjs.org/coffeescript/-/coffeescript-2.3.1.tgz",
      "integrity": "sha512-DNJmSPMyiz+OjWYyuDXNBcFutDjP2TS2owsZ8YvT65hA8c5IdHWIBqdA3Yf/XHoK23d/f1HqLjQbEJJZJoeV1w==",
      "dev": true
    },
    "debug": {
      "version": "3.1.0",
      "resolved": "https://registry.npmjs.org/debug/-/debug-3.1.0.tgz",
      "integrity": "sha512-OX8XqP7/1a9cqkxYw2yXss15f26NKWBpDXQd0/uK/KPqdQhxbPa994hnzjcE2VqQpDslf55723cKPUOGSmMY3g==",
      "requires": {
        "ms": "2.0.0"
      }
    },
    "define-properties": {
      "version": "1.1.2",
      "resolved": "https://registry.npmjs.org/define-properties/-/define-properties-1.1.2.tgz",
      "integrity": "sha1-g6c/L+pWmJj7c3GTyPhzyvbUXJQ=",
      "requires": {
        "foreach": "^2.0.5",
        "object-keys": "^1.0.8"
      }
    },
    "dns-packet": {
      "version": "1.3.1",
      "resolved": "https://registry.npmjs.org/dns-packet/-/dns-packet-1.3.1.tgz",
      "integrity": "sha512-0UxfQkMhYAUaZI+xrNZOz/as5KgDU0M/fQ9b6SpkyLbk3GEswDi6PADJVaYJradtRVsRIlF1zLyOodbcTCDzUg==",
      "requires": {
        "ip": "^1.1.0",
        "safe-buffer": "^5.0.1"
      }
    },
    "es-abstract": {
      "version": "1.12.0",
      "resolved": "https://registry.npmjs.org/es-abstract/-/es-abstract-1.12.0.tgz",
      "integrity": "sha512-C8Fx/0jFmV5IPoMOFPA9P9G5NtqW+4cOPit3MIuvR2t7Ag2K15EJTpxnHAYTzL+aYQJIESYeXZmDBfOBE1HcpA==",
      "requires": {
        "es-to-primitive": "^1.1.1",
        "function-bind": "^1.1.1",
        "has": "^1.0.1",
        "is-callable": "^1.1.3",
        "is-regex": "^1.0.4"
      }
    },
    "es-to-primitive": {
      "version": "1.1.1",
      "resolved": "https://registry.npmjs.org/es-to-primitive/-/es-to-primitive-1.1.1.tgz",
      "integrity": "sha1-RTVSSKiJeQNLZ5Lhm7gfK3l13Q0=",
      "requires": {
        "is-callable": "^1.1.1",
        "is-date-object": "^1.0.1",
        "is-symbol": "^1.0.1"
      }
    },
    "foreach": {
      "version": "2.0.5",
      "resolved": "https://registry.npmjs.org/foreach/-/foreach-2.0.5.tgz",
      "integrity": "sha1-C+4AUBiusmDQo6865ljdATbsG5k="
    },
    "function-bind": {
      "version": "1.1.1",
      "resolved": "https://registry.npmjs.org/function-bind/-/function-bind-1.1.1.tgz",
      "integrity": "sha512-yIovAzMX49sF8Yl58fSCWJ5svSLuaibPxXQJFLmBObTuCr0Mf1KiPopGM9NiFjiYBCbfaa2Fh6breQ6ANVTI0A=="
    },
    "has": {
      "version": "1.0.3",
      "resolved": "https://registry.npmjs.org/has/-/has-1.0.3.tgz",
      "integrity": "sha512-f2dvO0VU6Oej7RkWJGrehjbzMAjFp5/VKPp5tTpWIV4JHHZK1/BxbFRtf/siA2SWTe09caDmVtYYzWEIbBS4zw==",
      "requires": {
        "function-bind": "^1.1.1"
      }
    },
    "ip": {
      "version": "1.1.5",
      "resolved": "https://registry.npmjs.org/ip/-/ip-1.1.5.tgz",
      "integrity": "sha1-vd7XARQpCCjAoDnnLvJfWq7ENUo="
    },
    "is-callable": {
      "version": "1.1.4",
      "resolved": "https://registry.npmjs.org/is-callable/-/is-callable-1.1.4.tgz",
      "integrity": "sha512-r5p9sxJjYnArLjObpjA4xu5EKI3CuKHkJXMhT7kwbpUyIFD1n5PMAsoPvWnvtZiNz7LjkYDRZhd7FlI0eMijEA=="
    },
    "is-date-object": {
      "version": "1.0.1",
      "resolved": "https://registry.npmjs.org/is-date-object/-/is-date-object-1.0.1.tgz",
      "integrity": "sha1-mqIOtq7rv/d/vTPnTKAbM1gdOhY="
    },
    "is-regex": {
      "version": "1.0.4",
      "resolved": "https://registry.npmjs.org/is-regex/-/is-regex-1.0.4.tgz",
      "integrity": "sha1-VRdIm1RwkbCTDglWVM7SXul+lJE=",
      "requires": {
        "has": "^1.0.1"
      }
    },
    "is-symbol": {
      "version": "1.0.1",
      "resolved": "https://registry.npmjs.org/is-symbol/-/is-symbol-1.0.1.tgz",
      "integrity": "sha1-PMWfAAJRlLarLjjbrmaJJWtmBXI="
    },
    "mdns-server": {
      "version": "1.0.5",
      "resolved": "https://registry.npmjs.org/mdns-server/-/mdns-server-1.0.5.tgz",
      "integrity": "sha512-dcLc1N08KUJ4P6G5Kj0zGS/7TojSeO7rhK9x8vVX8emrCKuY9D5Cr+A4LnJ3Fo3mUEIrAMXAcMPJAXKBSf4yGQ==",
      "requires": {
        "dns-packet": "^1.1.1"
      }
    },
    "ms": {
      "version": "2.0.0",
      "resolved": "https://registry.npmjs.org/ms/-/ms-2.0.0.tgz",
      "integrity": "sha1-VgiurfwAvmwpAd9fmGF4jeDVl8g="
    },
    "node-coap-client": {
      "version": "1.0.0",
      "resolved": "https://registry.npmjs.org/node-coap-client/-/node-coap-client-1.0.0.tgz",
      "integrity": "sha512-4zpZYXVo/4e91GqMGkbvjwS4K8/CjEaJzBvotFi15Qmcb/wwbUSW3o3jakP29Ey6CCj4yrrlEI5u7B8fQLf5Fg==",
      "requires": {
        "debug": "^3.1.0",
        "node-dtls-client": "^0.5.4"
      }
    },
    "node-dtls-client": {
      "version": "0.5.4",
      "resolved": "https://registry.npmjs.org/node-dtls-client/-/node-dtls-client-0.5.4.tgz",
      "integrity": "sha512-I8KyZr/9plmJPF8yi1AyqGn1Tu3dKH8rtXXXV4E07a9wgPgtC9yCJrrqSDEruwENJA+XsA1/jO97ZUy0LFObNQ==",
      "requires": {
        "debug": "^3.1.0",
        "semver": "^5.5.0"
      }
    },
    "node-tradfri-client": {
      "version": "1.3.2",
      "resolved": "https://registry.npmjs.org/node-tradfri-client/-/node-tradfri-client-1.3.2.tgz",
      "integrity": "sha512-GkYtZwjAdOmcpwBe/M1nVesN1ZVW+GgYFrsdahLQoBK4ciB0ZvRk9D5tXYLj6IEcOao2li08cHm4q8v5gKH8vw==",
      "requires": {
        "alcalzone-shared": "^1.0.1",
        "debug": "^3.1.0",
        "mdns-server": "^1.0.5",
        "node-coap-client": "^1.0.0",
        "reflect-metadata": "^0.1.12"
      }
    },
    "object-keys": {
      "version": "1.0.12",
      "resolved": "https://registry.npmjs.org/object-keys/-/object-keys-1.0.12.tgz",
      "integrity": "sha512-FTMyFUm2wBcGHnH2eXmz7tC6IwlqQZ6mVZ+6dm6vZ4IQIHjs6FdNsQBuKGPuUUUY6NfJw2PshC08Tn6LzLDOag=="
    },
    "promise.prototype.finally": {
      "version": "3.1.0",
      "resolved": "https://registry.npmjs.org/promise.prototype.finally/-/promise.prototype.finally-3.1.0.tgz",
      "integrity": "sha512-7p/K2f6dI+dM8yjRQEGrTQs5hTQixUAdOGpMEA3+pVxpX5oHKRSKAXyLw9Q9HUWDTdwtoo39dSHGQtN90HcEwQ==",
      "requires": {
        "define-properties": "^1.1.2",
        "es-abstract": "^1.9.0",
        "function-bind": "^1.1.1"
      }
    },
    "reflect-metadata": {
      "version": "0.1.12",
      "resolved": "https://registry.npmjs.org/reflect-metadata/-/reflect-metadata-0.1.12.tgz",
      "integrity": "sha512-n+IyV+nGz3+0q3/Yf1ra12KpCyi001bi4XFxSjbiWWjfqb52iTTtpGXmCCAOWWIAn9KEuFZKGqBERHmrtScZ3A=="
    },
    "safe-buffer": {
      "version": "5.1.2",
      "resolved": "https://registry.npmjs.org/safe-buffer/-/safe-buffer-5.1.2.tgz",
      "integrity": "sha512-Gd2UZBJDkXlY7GbJxfsE8/nvKkUEU1G38c1siN6QP6a9PT9MmHB8GnpscSmMJSoF8LOIrt8ud/wPtojys4G6+g=="
    },
    "semver": {
      "version": "5.5.0",
      "resolved": "https://registry.npmjs.org/semver/-/semver-5.5.0.tgz",
      "integrity": "sha512-4SJ3dm0WAwWy/NVeioZh5AntkdJoWKxHxcmyP622fOkgHa4z3R0TdBJICINyaSDE6uNwVc8gZr+ZinwZAH4xIA=="
    },
    "wtfnode": {
      "version": "0.6.0",
      "resolved": "https://registry.npmjs.org/wtfnode/-/wtfnode-0.6.0.tgz",
      "integrity": "sha1-W0yt78M7r86gs4uptTq3EAuKbCU=",
      "dev": true
    }
  }
}
